{
  "version": 2,
  "dependencies": {
    "net9.0": {
      "Microsoft.CodeAnalysis.NetAnalyzers": {
        "type": "Direct",
        "requested": "[9.0.0, )",
        "resolved": "9.0.0",
        "contentHash": "JajbvkrBgtdRghavIjcJuNHMOja4lqBmEezbhZyqWPYh2cpLhT5mPpfC7NQVDO4IehWQum9t/nwF4v+qQGtYWg=="
      },
      "orangecarrental.buildingblocks.domain": {
        "type": "Project"
      },
      "orangecarrental.payments.domain": {
        "type": "Project",
        "dependencies": {
          "OrangeCarRental.BuildingBlocks.Domain": "[1.0.0, )"
        }
      }
    }
  }
}