
Microsoft Visual Studio Solution File, Format Version 12.00
# Visual Studio Version 17
VisualStudioVersion = 17.0.31903.59
MinimumVisualStudioVersion = 10.0.40219.1
Project("{2150E333-8FDC-42A3-9474-1A3956D46DE8}") = "BuildingBlocks", "BuildingBlocks", "{7266C4A9-E384-DC00-0EB6-47F6002CFBA7}"
EndProject
Project("{FAE04EC0-301F-11D3-BF4B-00C04F79EFBC}") = "OrangeCarRental.BuildingBlocks.Domain", "BuildingBlocks\OrangeCarRental.BuildingBlocks.Domain\OrangeCarRental.BuildingBlocks.Domain.csproj", "{F39552F8-0446-4508-8CA7-A5F9B8421047}"
EndProject
Project("{FAE04EC0-301F-11D3-BF4B-00C04F79EFBC}") = "OrangeCarRental.BuildingBlocks.EventStore", "BuildingBlocks\OrangeCarRental.BuildingBlocks.EventStore\OrangeCarRental.BuildingBlocks.EventStore.csproj", "{49643F25-0928-4388-A052-AE64D72D8DEF}"
EndProject
Project("{FAE04EC0-301F-11D3-BF4B-00C04F79EFBC}") = "OrangeCarRental.BuildingBlocks.Infrastructure", "BuildingBlocks\OrangeCarRental.BuildingBlocks.Infrastructure\OrangeCarRental.BuildingBlocks.Infrastructure.csproj", "{5D779D83-9DB2-444E-9D95-0E94F01D2B8C}"
EndProject
Project("{FAE04EC0-301F-11D3-BF4B-00C04F79EFBC}") = "OrangeCarRental.BuildingBlocks.Testing", "BuildingBlocks\OrangeCarRental.BuildingBlocks.Testing\OrangeCarRental.BuildingBlocks.Testing.csproj", "{F646752E-82EF-44A0-AE07-D5EE42BF733F}"
EndProject
Project("{2150E333-8FDC-42A3-9474-1A3956D46DE8}") = "Services", "Services", "{5854FF58-B8C5-05C6-5BF2-ACE42193F22B}"
EndProject
Project("{2150E333-8FDC-42A3-9474-1A3956D46DE8}") = "Fleet", "Fleet", "{DF22FFB0-9AFE-0FD9-135A-A174632D0622}"
EndProject
Project("{FAE04EC0-301F-11D3-BF4B-00C04F79EFBC}") = "OrangeCarRental.Fleet.Domain", "Services\Fleet\OrangeCarRental.Fleet.Domain\OrangeCarRental.Fleet.Domain.csproj", "{1A472EBE-12FD-4F97-B8F0-F8D4275D5ADD}"
EndProject
Project("{FAE04EC0-301F-11D3-BF4B-00C04F79EFBC}") = "OrangeCarRental.Fleet.Application", "Services\Fleet\OrangeCarRental.Fleet.Application\OrangeCarRental.Fleet.Application.csproj", "{E54AE688-E3BB-4479-A1D4-B8BD0D74A5D6}"
EndProject
Project("{FAE04EC0-301F-11D3-BF4B-00C04F79EFBC}") = "OrangeCarRental.Fleet.Infrastructure", "Services\Fleet\OrangeCarRental.Fleet.Infrastructure\OrangeCarRental.Fleet.Infrastructure.csproj", "{18BEB234-DF7D-443E-9FA7-F6354E864347}"
EndProject
Project("{FAE04EC0-301F-11D3-BF4B-00C04F79EFBC}") = "OrangeCarRental.Fleet.Api", "Services\Fleet\OrangeCarRental.Fleet.Api\OrangeCarRental.Fleet.Api.csproj", "{DFD6C272-1F48-4341-9F01-9EAA13980DEE}"
EndProject
Project("{FAE04EC0-301F-11D3-BF4B-00C04F79EFBC}") = "OrangeCarRental.Fleet.Tests", "Services\Fleet\OrangeCarRental.Fleet.Tests\OrangeCarRental.Fleet.Tests.csproj", "{82359823-FA41-4A73-A285-22FB1A1892C2}"
EndProject
Project("{2150E333-8FDC-42A3-9474-1A3956D46DE8}") = "Reservations", "Reservations", "{EB259C6D-9F4A-B4AA-79F4-557D842D16B5}"
EndProject
Project("{FAE04EC0-301F-11D3-BF4B-00C04F79EFBC}") = "OrangeCarRental.Reservations.Domain", "Services\Reservations\OrangeCarRental.Reservations.Domain\OrangeCarRental.Reservations.Domain.csproj", "{F17D688C-ED4A-4B13-A937-F1322394826C}"
EndProject
Project("{FAE04EC0-301F-11D3-BF4B-00C04F79EFBC}") = "OrangeCarRental.Reservations.Application", "Services\Reservations\OrangeCarRental.Reservations.Application\OrangeCarRental.Reservations.Application.csproj", "{F068D859-26AC-4295-BD4B-576A69A4F9A2}"
EndProject
Project("{FAE04EC0-301F-11D3-BF4B-00C04F79EFBC}") = "OrangeCarRental.Reservations.Infrastructure", "Services\Reservations\OrangeCarRental.Reservations.Infrastructure\OrangeCarRental.Reservations.Infrastructure.csproj", "{8648FEFE-6B2B-41D7-B1CF-5679D6A51907}"
EndProject
Project("{FAE04EC0-301F-11D3-BF4B-00C04F79EFBC}") = "OrangeCarRental.Reservations.Api", "Services\Reservations\OrangeCarRental.Reservations.Api\OrangeCarRental.Reservations.Api.csproj", "{6208D88E-AC44-4E0F-A2ED-C770DD91A0E2}"
EndProject
Project("{FAE04EC0-301F-11D3-BF4B-00C04F79EFBC}") = "OrangeCarRental.Reservations.Tests", "Services\Reservations\OrangeCarRental.Reservations.Tests\OrangeCarRental.Reservations.Tests.csproj", "{84EBA0D3-F23B-4A13-A66B-301050DA323F}"
EndProject
Project("{2150E333-8FDC-42A3-9474-1A3956D46DE8}") = "Customers", "Customers", "{B69894D6-7DED-05EA-F04B-C08EDF8265D6}"
EndProject
Project("{FAE04EC0-301F-11D3-BF4B-00C04F79EFBC}") = "OrangeCarRental.Customers.Domain", "Services\Customers\OrangeCarRental.Customers.Domain\OrangeCarRental.Customers.Domain.csproj", "{26B3597B-C23A-4C38-993D-A413A2EF92B2}"
EndProject
Project("{FAE04EC0-301F-11D3-BF4B-00C04F79EFBC}") = "OrangeCarRental.Customers.Application", "Services\Customers\OrangeCarRental.Customers.Application\OrangeCarRental.Customers.Application.csproj", "{2DEA4B4E-3B7D-461F-A7CA-6C6C00B60CF5}"
EndProject
Project("{FAE04EC0-301F-11D3-BF4B-00C04F79EFBC}") = "OrangeCarRental.Customers.Infrastructure", "Services\Customers\OrangeCarRental.Customers.Infrastructure\OrangeCarRental.Customers.Infrastructure.csproj", "{2CB61966-F8AA-4877-8F72-0E10EA1B8DD5}"
EndProject
Project("{FAE04EC0-301F-11D3-BF4B-00C04F79EFBC}") = "OrangeCarRental.Customers.Api", "Services\Customers\OrangeCarRental.Customers.Api\OrangeCarRental.Customers.Api.csproj", "{C139CE3C-6371-4835-B8E9-B5CFC4698F6A}"
EndProject
Project("{FAE04EC0-301F-11D3-BF4B-00C04F79EFBC}") = "OrangeCarRental.Customers.Tests", "Services\Customers\OrangeCarRental.Customers.Tests\OrangeCarRental.Customers.Tests.csproj", "{F80180E7-93AB-4649-91DF-0BB11276A1ED}"
EndProject
Project("{2150E333-8FDC-42A3-9474-1A3956D46DE8}") = "Pricing", "Pricing", "{15532247-9928-1F3B-8159-296EC2E43F05}"
EndProject
Project("{FAE04EC0-301F-11D3-BF4B-00C04F79EFBC}") = "OrangeCarRental.Pricing.Domain", "Services\Pricing\OrangeCarRental.Pricing.Domain\OrangeCarRental.Pricing.Domain.csproj", "{BA23C008-0F76-4AE3-809D-D2E443D69123}"
EndProject
Project("{FAE04EC0-301F-11D3-BF4B-00C04F79EFBC}") = "OrangeCarRental.Pricing.Application", "Services\Pricing\OrangeCarRental.Pricing.Application\OrangeCarRental.Pricing.Application.csproj", "{4A1AA747-905C-4159-8029-61BA0D245B11}"
EndProject
Project("{FAE04EC0-301F-11D3-BF4B-00C04F79EFBC}") = "OrangeCarRental.Pricing.Infrastructure", "Services\Pricing\OrangeCarRental.Pricing.Infrastructure\OrangeCarRental.Pricing.Infrastructure.csproj", "{0BACBD68-38A2-44AA-9813-21BE0A2E061C}"
EndProject
Project("{FAE04EC0-301F-11D3-BF4B-00C04F79EFBC}") = "OrangeCarRental.Pricing.Api", "Services\Pricing\OrangeCarRental.Pricing.Api\OrangeCarRental.Pricing.Api.csproj", "{C6332EAA-EAC0-4C5F-A0C7-43F95698EABB}"
EndProject
Project("{FAE04EC0-301F-11D3-BF4B-00C04F79EFBC}") = "OrangeCarRental.Pricing.Tests", "Services\Pricing\OrangeCarRental.Pricing.Tests\OrangeCarRental.Pricing.Tests.csproj", "{D3CD0B94-B936-4014-AB58-AB5E50909665}"
EndProject
Project("{2150E333-8FDC-42A3-9474-1A3956D46DE8}") = "Payments", "Payments", "{D8AFF377-A933-C61A-6A84-6680BF48FD58}"
EndProject
Project("{FAE04EC0-301F-11D3-BF4B-00C04F79EFBC}") = "OrangeCarRental.Payments.Domain", "Services\Payments\OrangeCarRental.Payments.Domain\OrangeCarRental.Payments.Domain.csproj", "{99E411EE-C129-4FAF-9C98-D31EB98B1FA8}"
EndProject
Project("{FAE04EC0-301F-11D3-BF4B-00C04F79EFBC}") = "OrangeCarRental.Payments.Application", "Services\Payments\OrangeCarRental.Payments.Application\OrangeCarRental.Payments.Application.csproj", "{E044845D-2060-4D5E-B446-FA038AA2B627}"
EndProject
Project("{FAE04EC0-301F-11D3-BF4B-00C04F79EFBC}") = "OrangeCarRental.Payments.Infrastructure", "Services\Payments\OrangeCarRental.Payments.Infrastructure\OrangeCarRental.Payments.Infrastructure.csproj", "{535B2BB8-9950-47FC-B7F3-07CECDE0F0C1}"
EndProject
Project("{FAE04EC0-301F-11D3-BF4B-00C04F79EFBC}") = "OrangeCarRental.Payments.Api", "Services\Payments\OrangeCarRental.Payments.Api\OrangeCarRental.Payments.Api.csproj", "{64235F7C-9F6B-40B3-ABC6-62CFDCA2DDE0}"
EndProject
Project("{FAE04EC0-301F-11D3-BF4B-00C04F79EFBC}") = "OrangeCarRental.Payments.Tests", "Services\Payments\OrangeCarRental.Payments.Tests\OrangeCarRental.Payments.Tests.csproj", "{7F54879B-2D72-47D9-A193-D701A7BC959F}"
EndProject
Project("{2150E333-8FDC-42A3-9474-1A3956D46DE8}") = "Notifications", "Notifications", "{EDF976B3-B1D5-9C5C-314D-F965FB2448D0}"
EndProject
Project("{FAE04EC0-301F-11D3-BF4B-00C04F79EFBC}") = "OrangeCarRental.Notifications.Domain", "Services\Notifications\OrangeCarRental.Notifications.Domain\OrangeCarRental.Notifications.Domain.csproj", "{01D80DA7-5E19-47A4-8DDD-386211AB4F52}"
EndProject
Project("{FAE04EC0-301F-11D3-BF4B-00C04F79EFBC}") = "OrangeCarRental.Notifications.Application", "Services\Notifications\OrangeCarRental.Notifications.Application\OrangeCarRental.Notifications.Application.csproj", "{7A3D85C0-6F42-49E8-849D-FA33CEE70245}"
EndProject
Project("{FAE04EC0-301F-11D3-BF4B-00C04F79EFBC}") = "OrangeCarRental.Notifications.Infrastructure", "Services\Notifications\OrangeCarRental.Notifications.Infrastructure\OrangeCarRental.Notifications.Infrastructure.csproj", "{2FDC5249-8860-478F-A4C5-4DDE182B6675}"
EndProject
Project("{FAE04EC0-301F-11D3-BF4B-00C04F79EFBC}") = "OrangeCarRental.Notifications.Api", "Services\Notifications\OrangeCarRental.Notifications.Api\OrangeCarRental.Notifications.Api.csproj", "{27891D75-0606-49EF-B69F-CD8578643138}"
EndProject
Project("{FAE04EC0-301F-11D3-BF4B-00C04F79EFBC}") = "OrangeCarRental.Notifications.Tests", "Services\Notifications\OrangeCarRental.Notifications.Tests\OrangeCarRental.Notifications.Tests.csproj", "{BE9157D1-0526-4596-BD32-D9D519565B62}"
EndProject
Project("{2150E333-8FDC-42A3-9474-1A3956D46DE8}") = "AppHost", "AppHost", "{90DCE71B-4939-B80A-CE8C-85DE2210C7AC}"
EndProject
Project("{FAE04EC0-301F-11D3-BF4B-00C04F79EFBC}") = "OrangeCarRental.AppHost", "AppHost\OrangeCarRental.AppHost\OrangeCarRental.AppHost.csproj", "{A19248B5-6473-4F8B-88BA-2DA565E0B2E6}"
EndProject
Project("{2150E333-8FDC-42A3-9474-1A3956D46DE8}") = "Tests", "Tests", "{0AB3BF05-4346-4AA6-1389-037BE0695223}"
EndProject
Project("{FAE04EC0-301F-11D3-BF4B-00C04F79EFBC}") = "OrangeCarRental.IntegrationTests", "Tests\OrangeCarRental.IntegrationTests\OrangeCarRental.IntegrationTests.csproj", "{13A593D6-9448-4673-B7AE-6A9820FD1347}"
EndProject
Global
	GlobalSection(SolutionConfigurationPlatforms) = preSolution
		Debug|Any CPU = Debug|Any CPU
		Debug|x64 = Debug|x64
		Debug|x86 = Debug|x86
		Release|Any CPU = Release|Any CPU
		Release|x64 = Release|x64
		Release|x86 = Release|x86
	EndGlobalSection
	GlobalSection(ProjectConfigurationPlatforms) = postSolution
		{F39552F8-0446-4508-8CA7-A5F9B8421047}.Debug|Any CPU.ActiveCfg = Debug|Any CPU
		{F39552F8-0446-4508-8CA7-A5F9B8421047}.Debug|Any CPU.Build.0 = Debug|Any CPU
		{F39552F8-0446-4508-8CA7-A5F9B8421047}.Debug|x64.ActiveCfg = Debug|Any CPU
		{F39552F8-0446-4508-8CA7-A5F9B8421047}.Debug|x64.Build.0 = Debug|Any CPU
		{F39552F8-0446-4508-8CA7-A5F9B8421047}.Debug|x86.ActiveCfg = Debug|Any CPU
		{F39552F8-0446-4508-8CA7-A5F9B8421047}.Debug|x86.Build.0 = Debug|Any CPU
		{F39552F8-0446-4508-8CA7-A5F9B8421047}.Release|Any CPU.ActiveCfg = Release|Any CPU
		{F39552F8-0446-4508-8CA7-A5F9B8421047}.Release|Any CPU.Build.0 = Release|Any CPU
		{F39552F8-0446-4508-8CA7-A5F9B8421047}.Release|x64.ActiveCfg = Release|Any CPU
		{F39552F8-0446-4508-8CA7-A5F9B8421047}.Release|x64.Build.0 = Release|Any CPU
		{F39552F8-0446-4508-8CA7-A5F9B8421047}.Release|x86.ActiveCfg = Release|Any CPU
		{F39552F8-0446-4508-8CA7-A5F9B8421047}.Release|x86.Build.0 = Release|Any CPU
		{49643F25-0928-4388-A052-AE64D72D8DEF}.Debug|Any CPU.ActiveCfg = Debug|Any CPU
		{49643F25-0928-4388-A052-AE64D72D8DEF}.Debug|Any CPU.Build.0 = Debug|Any CPU
		{49643F25-0928-4388-A052-AE64D72D8DEF}.Debug|x64.ActiveCfg = Debug|Any CPU
		{49643F25-0928-4388-A052-AE64D72D8DEF}.Debug|x64.Build.0 = Debug|Any CPU
		{49643F25-0928-4388-A052-AE64D72D8DEF}.Debug|x86.ActiveCfg = Debug|Any CPU
		{49643F25-0928-4388-A052-AE64D72D8DEF}.Debug|x86.Build.0 = Debug|Any CPU
		{49643F25-0928-4388-A052-AE64D72D8DEF}.Release|Any CPU.ActiveCfg = Release|Any CPU
		{49643F25-0928-4388-A052-AE64D72D8DEF}.Release|Any CPU.Build.0 = Release|Any CPU
		{49643F25-0928-4388-A052-AE64D72D8DEF}.Release|x64.ActiveCfg = Release|Any CPU
		{49643F25-0928-4388-A052-AE64D72D8DEF}.Release|x64.Build.0 = Release|Any CPU
		{49643F25-0928-4388-A052-AE64D72D8DEF}.Release|x86.ActiveCfg = Release|Any CPU
		{49643F25-0928-4388-A052-AE64D72D8DEF}.Release|x86.Build.0 = Release|Any CPU
		{5D779D83-9DB2-444E-9D95-0E94F01D2B8C}.Debug|Any CPU.ActiveCfg = Debug|Any CPU
		{5D779D83-9DB2-444E-9D95-0E94F01D2B8C}.Debug|Any CPU.Build.0 = Debug|Any CPU
		{5D779D83-9DB2-444E-9D95-0E94F01D2B8C}.Debug|x64.ActiveCfg = Debug|Any CPU
		{5D779D83-9DB2-444E-9D95-0E94F01D2B8C}.Debug|x64.Build.0 = Debug|Any CPU
		{5D779D83-9DB2-444E-9D95-0E94F01D2B8C}.Debug|x86.ActiveCfg = Debug|Any CPU
		{5D779D83-9DB2-444E-9D95-0E94F01D2B8C}.Debug|x86.Build.0 = Debug|Any CPU
		{5D779D83-9DB2-444E-9D95-0E94F01D2B8C}.Release|Any CPU.ActiveCfg = Release|Any CPU
		{5D779D83-9DB2-444E-9D95-0E94F01D2B8C}.Release|Any CPU.Build.0 = Release|Any CPU
		{5D779D83-9DB2-444E-9D95-0E94F01D2B8C}.Release|x64.ActiveCfg = Release|Any CPU
		{5D779D83-9DB2-444E-9D95-0E94F01D2B8C}.Release|x64.Build.0 = Release|Any CPU
		{5D779D83-9DB2-444E-9D95-0E94F01D2B8C}.Release|x86.ActiveCfg = Release|Any CPU
		{5D779D83-9DB2-444E-9D95-0E94F01D2B8C}.Release|x86.Build.0 = Release|Any CPU
		{F646752E-82EF-44A0-AE07-D5EE42BF733F}.Debug|Any CPU.ActiveCfg = Debug|Any CPU
		{F646752E-82EF-44A0-AE07-D5EE42BF733F}.Debug|Any CPU.Build.0 = Debug|Any CPU
		{F646752E-82EF-44A0-AE07-D5EE42BF733F}.Debug|x64.ActiveCfg = Debug|Any CPU
		{F646752E-82EF-44A0-AE07-D5EE42BF733F}.Debug|x64.Build.0 = Debug|Any CPU
		{F646752E-82EF-44A0-AE07-D5EE42BF733F}.Debug|x86.ActiveCfg = Debug|Any CPU
		{F646752E-82EF-44A0-AE07-D5EE42BF733F}.Debug|x86.Build.0 = Debug|Any CPU
		{F646752E-82EF-44A0-AE07-D5EE42BF733F}.Release|Any CPU.ActiveCfg = Release|Any CPU
		{F646752E-82EF-44A0-AE07-D5EE42BF733F}.Release|Any CPU.Build.0 = Release|Any CPU
		{F646752E-82EF-44A0-AE07-D5EE42BF733F}.Release|x64.ActiveCfg = Release|Any CPU
		{F646752E-82EF-44A0-AE07-D5EE42BF733F}.Release|x64.Build.0 = Release|Any CPU
		{F646752E-82EF-44A0-AE07-D5EE42BF733F}.Release|x86.ActiveCfg = Release|Any CPU
		{F646752E-82EF-44A0-AE07-D5EE42BF733F}.Release|x86.Build.0 = Release|Any CPU
		{1A472EBE-12FD-4F97-B8F0-F8D4275D5ADD}.Debug|Any CPU.ActiveCfg = Debug|Any CPU
		{1A472EBE-12FD-4F97-B8F0-F8D4275D5ADD}.Debug|Any CPU.Build.0 = Debug|Any CPU
		{1A472EBE-12FD-4F97-B8F0-F8D4275D5ADD}.Debug|x64.ActiveCfg = Debug|Any CPU
		{1A472EBE-12FD-4F97-B8F0-F8D4275D5ADD}.Debug|x64.Build.0 = Debug|Any CPU
		{1A472EBE-12FD-4F97-B8F0-F8D4275D5ADD}.Debug|x86.ActiveCfg = Debug|Any CPU
		{1A472EBE-12FD-4F97-B8F0-F8D4275D5ADD}.Debug|x86.Build.0 = Debug|Any CPU
		{1A472EBE-12FD-4F97-B8F0-F8D4275D5ADD}.Release|Any CPU.ActiveCfg = Release|Any CPU
		{1A472EBE-12FD-4F97-B8F0-F8D4275D5ADD}.Release|Any CPU.Build.0 = Release|Any CPU
		{1A472EBE-12FD-4F97-B8F0-F8D4275D5ADD}.Release|x64.ActiveCfg = Release|Any CPU
		{1A472EBE-12FD-4F97-B8F0-F8D4275D5ADD}.Release|x64.Build.0 = Release|Any CPU
		{1A472EBE-12FD-4F97-B8F0-F8D4275D5ADD}.Release|x86.ActiveCfg = Release|Any CPU
		{1A472EBE-12FD-4F97-B8F0-F8D4275D5ADD}.Release|x86.Build.0 = Release|Any CPU
		{E54AE688-E3BB-4479-A1D4-B8BD0D74A5D6}.Debug|Any CPU.ActiveCfg = Debug|Any CPU
		{E54AE688-E3BB-4479-A1D4-B8BD0D74A5D6}.Debug|Any CPU.Build.0 = Debug|Any CPU
		{E54AE688-E3BB-4479-A1D4-B8BD0D74A5D6}.Debug|x64.ActiveCfg = Debug|Any CPU
		{E54AE688-E3BB-4479-A1D4-B8BD0D74A5D6}.Debug|x64.Build.0 = Debug|Any CPU
		{E54AE688-E3BB-4479-A1D4-B8BD0D74A5D6}.Debug|x86.ActiveCfg = Debug|Any CPU
		{E54AE688-E3BB-4479-A1D4-B8BD0D74A5D6}.Debug|x86.Build.0 = Debug|Any CPU
		{E54AE688-E3BB-4479-A1D4-B8BD0D74A5D6}.Release|Any CPU.ActiveCfg = Release|Any CPU
		{E54AE688-E3BB-4479-A1D4-B8BD0D74A5D6}.Release|Any CPU.Build.0 = Release|Any CPU
		{E54AE688-E3BB-4479-A1D4-B8BD0D74A5D6}.Release|x64.ActiveCfg = Release|Any CPU
		{E54AE688-E3BB-4479-A1D4-B8BD0D74A5D6}.Release|x64.Build.0 = Release|Any CPU
		{E54AE688-E3BB-4479-A1D4-B8BD0D74A5D6}.Release|x86.ActiveCfg = Release|Any CPU
		{E54AE688-E3BB-4479-A1D4-B8BD0D74A5D6}.Release|x86.Build.0 = Release|Any CPU
		{18BEB234-DF7D-443E-9FA7-F6354E864347}.Debug|Any CPU.ActiveCfg = Debug|Any CPU
		{18BEB234-DF7D-443E-9FA7-F6354E864347}.Debug|Any CPU.Build.0 = Debug|Any CPU
		{18BEB234-DF7D-443E-9FA7-F6354E864347}.Debug|x64.ActiveCfg = Debug|Any CPU
		{18BEB234-DF7D-443E-9FA7-F6354E864347}.Debug|x64.Build.0 = Debug|Any CPU
		{18BEB234-DF7D-443E-9FA7-F6354E864347}.Debug|x86.ActiveCfg = Debug|Any CPU
		{18BEB234-DF7D-443E-9FA7-F6354E864347}.Debug|x86.Build.0 = Debug|Any CPU
		{18BEB234-DF7D-443E-9FA7-F6354E864347}.Release|Any CPU.ActiveCfg = Release|Any CPU
		{18BEB234-DF7D-443E-9FA7-F6354E864347}.Release|Any CPU.Build.0 = Release|Any CPU
		{18BEB234-DF7D-443E-9FA7-F6354E864347}.Release|x64.ActiveCfg = Release|Any CPU
		{18BEB234-DF7D-443E-9FA7-F6354E864347}.Release|x64.Build.0 = Release|Any CPU
		{18BEB234-DF7D-443E-9FA7-F6354E864347}.Release|x86.ActiveCfg = Release|Any CPU
		{18BEB234-DF7D-443E-9FA7-F6354E864347}.Release|x86.Build.0 = Release|Any CPU
		{DFD6C272-1F48-4341-9F01-9EAA13980DEE}.Debug|Any CPU.ActiveCfg = Debug|Any CPU
		{DFD6C272-1F48-4341-9F01-9EAA13980DEE}.Debug|Any CPU.Build.0 = Debug|Any CPU
		{DFD6C272-1F48-4341-9F01-9EAA13980DEE}.Debug|x64.ActiveCfg = Debug|Any CPU
		{DFD6C272-1F48-4341-9F01-9EAA13980DEE}.Debug|x64.Build.0 = Debug|Any CPU
		{DFD6C272-1F48-4341-9F01-9EAA13980DEE}.Debug|x86.ActiveCfg = Debug|Any CPU
		{DFD6C272-1F48-4341-9F01-9EAA13980DEE}.Debug|x86.Build.0 = Debug|Any CPU
		{DFD6C272-1F48-4341-9F01-9EAA13980DEE}.Release|Any CPU.ActiveCfg = Release|Any CPU
		{DFD6C272-1F48-4341-9F01-9EAA13980DEE}.Release|Any CPU.Build.0 = Release|Any CPU
		{DFD6C272-1F48-4341-9F01-9EAA13980DEE}.Release|x64.ActiveCfg = Release|Any CPU
		{DFD6C272-1F48-4341-9F01-9EAA13980DEE}.Release|x64.Build.0 = Release|Any CPU
		{DFD6C272-1F48-4341-9F01-9EAA13980DEE}.Release|x86.ActiveCfg = Release|Any CPU
		{DFD6C272-1F48-4341-9F01-9EAA13980DEE}.Release|x86.Build.0 = Release|Any CPU
		{82359823-FA41-4A73-A285-22FB1A1892C2}.Debug|Any CPU.ActiveCfg = Debug|Any CPU
		{82359823-FA41-4A73-A285-22FB1A1892C2}.Debug|Any CPU.Build.0 = Debug|Any CPU
		{82359823-FA41-4A73-A285-22FB1A1892C2}.Debug|x64.ActiveCfg = Debug|Any CPU
		{82359823-FA41-4A73-A285-22FB1A1892C2}.Debug|x64.Build.0 = Debug|Any CPU
		{82359823-FA41-4A73-A285-22FB1A1892C2}.Debug|x86.ActiveCfg = Debug|Any CPU
		{82359823-FA41-4A73-A285-22FB1A1892C2}.Debug|x86.Build.0 = Debug|Any CPU
		{82359823-FA41-4A73-A285-22FB1A1892C2}.Release|Any CPU.ActiveCfg = Release|Any CPU
		{82359823-FA41-4A73-A285-22FB1A1892C2}.Release|Any CPU.Build.0 = Release|Any CPU
		{82359823-FA41-4A73-A285-22FB1A1892C2}.Release|x64.ActiveCfg = Release|Any CPU
		{82359823-FA41-4A73-A285-22FB1A1892C2}.Release|x64.Build.0 = Release|Any CPU
		{82359823-FA41-4A73-A285-22FB1A1892C2}.Release|x86.ActiveCfg = Release|Any CPU
		{82359823-FA41-4A73-A285-22FB1A1892C2}.Release|x86.Build.0 = Release|Any CPU
		{F17D688C-ED4A-4B13-A937-F1322394826C}.Debug|Any CPU.ActiveCfg = Debug|Any CPU
		{F17D688C-ED4A-4B13-A937-F1322394826C}.Debug|Any CPU.Build.0 = Debug|Any CPU
		{F17D688C-ED4A-4B13-A937-F1322394826C}.Debug|x64.ActiveCfg = Debug|Any CPU
		{F17D688C-ED4A-4B13-A937-F1322394826C}.Debug|x64.Build.0 = Debug|Any CPU
		{F17D688C-ED4A-4B13-A937-F1322394826C}.Debug|x86.ActiveCfg = Debug|Any CPU
		{F17D688C-ED4A-4B13-A937-F1322394826C}.Debug|x86.Build.0 = Debug|Any CPU
		{F17D688C-ED4A-4B13-A937-F1322394826C}.Release|Any CPU.ActiveCfg = Release|Any CPU
		{F17D688C-ED4A-4B13-A937-F1322394826C}.Release|Any CPU.Build.0 = Release|Any CPU
		{F17D688C-ED4A-4B13-A937-F1322394826C}.Release|x64.ActiveCfg = Release|Any CPU
		{F17D688C-ED4A-4B13-A937-F1322394826C}.Release|x64.Build.0 = Release|Any CPU
		{F17D688C-ED4A-4B13-A937-F1322394826C}.Release|x86.ActiveCfg = Release|Any CPU
		{F17D688C-ED4A-4B13-A937-F1322394826C}.Release|x86.Build.0 = Release|Any CPU
		{F068D859-26AC-4295-BD4B-576A69A4F9A2}.Debug|Any CPU.ActiveCfg = Debug|Any CPU
		{F068D859-26AC-4295-BD4B-576A69A4F9A2}.Debug|Any CPU.Build.0 = Debug|Any CPU
		{F068D859-26AC-4295-BD4B-576A69A4F9A2}.Debug|x64.ActiveCfg = Debug|Any CPU
		{F068D859-26AC-4295-BD4B-576A69A4F9A2}.Debug|x64.Build.0 = Debug|Any CPU
		{F068D859-26AC-4295-BD4B-576A69A4F9A2}.Debug|x86.ActiveCfg = Debug|Any CPU
		{F068D859-26AC-4295-BD4B-576A69A4F9A2}.Debug|x86.Build.0 = Debug|Any CPU
		{F068D859-26AC-4295-BD4B-576A69A4F9A2}.Release|Any CPU.ActiveCfg = Release|Any CPU
		{F068D859-26AC-4295-BD4B-576A69A4F9A2}.Release|Any CPU.Build.0 = Release|Any CPU
		{F068D859-26AC-4295-BD4B-576A69A4F9A2}.Release|x64.ActiveCfg = Release|Any CPU
		{F068D859-26AC-4295-BD4B-576A69A4F9A2}.Release|x64.Build.0 = Release|Any CPU
		{F068D859-26AC-4295-BD4B-576A69A4F9A2}.Release|x86.ActiveCfg = Release|Any CPU
		{F068D859-26AC-4295-BD4B-576A69A4F9A2}.Release|x86.Build.0 = Release|Any CPU
		{8648FEFE-6B2B-41D7-B1CF-5679D6A51907}.Debug|Any CPU.ActiveCfg = Debug|Any CPU
		{8648FEFE-6B2B-41D7-B1CF-5679D6A51907}.Debug|Any CPU.Build.0 = Debug|Any CPU
		{8648FEFE-6B2B-41D7-B1CF-5679D6A51907}.Debug|x64.ActiveCfg = Debug|Any CPU
		{8648FEFE-6B2B-41D7-B1CF-5679D6A51907}.Debug|x64.Build.0 = Debug|Any CPU
		{8648FEFE-6B2B-41D7-B1CF-5679D6A51907}.Debug|x86.ActiveCfg = Debug|Any CPU
		{8648FEFE-6B2B-41D7-B1CF-5679D6A51907}.Debug|x86.Build.0 = Debug|Any CPU
		{8648FEFE-6B2B-41D7-B1CF-5679D6A51907}.Release|Any CPU.ActiveCfg = Release|Any CPU
		{8648FEFE-6B2B-41D7-B1CF-5679D6A51907}.Release|Any CPU.Build.0 = Release|Any CPU
		{8648FEFE-6B2B-41D7-B1CF-5679D6A51907}.Release|x64.ActiveCfg = Release|Any CPU
		{8648FEFE-6B2B-41D7-B1CF-5679D6A51907}.Release|x64.Build.0 = Release|Any CPU
		{8648FEFE-6B2B-41D7-B1CF-5679D6A51907}.Release|x86.ActiveCfg = Release|Any CPU
		{8648FEFE-6B2B-41D7-B1CF-5679D6A51907}.Release|x86.Build.0 = Release|Any CPU
		{6208D88E-AC44-4E0F-A2ED-C770DD91A0E2}.Debug|Any CPU.ActiveCfg = Debug|Any CPU
		{6208D88E-AC44-4E0F-A2ED-C770DD91A0E2}.Debug|Any CPU.Build.0 = Debug|Any CPU
		{6208D88E-AC44-4E0F-A2ED-C770DD91A0E2}.Debug|x64.ActiveCfg = Debug|Any CPU
		{6208D88E-AC44-4E0F-A2ED-C770DD91A0E2}.Debug|x64.Build.0 = Debug|Any CPU
		{6208D88E-AC44-4E0F-A2ED-C770DD91A0E2}.Debug|x86.ActiveCfg = Debug|Any CPU
		{6208D88E-AC44-4E0F-A2ED-C770DD91A0E2}.Debug|x86.Build.0 = Debug|Any CPU
		{6208D88E-AC44-4E0F-A2ED-C770DD91A0E2}.Release|Any CPU.ActiveCfg = Release|Any CPU
		{6208D88E-AC44-4E0F-A2ED-C770DD91A0E2}.Release|Any CPU.Build.0 = Release|Any CPU
		{6208D88E-AC44-4E0F-A2ED-C770DD91A0E2}.Release|x64.ActiveCfg = Release|Any CPU
		{6208D88E-AC44-4E0F-A2ED-C770DD91A0E2}.Release|x64.Build.0 = Release|Any CPU
		{6208D88E-AC44-4E0F-A2ED-C770DD91A0E2}.Release|x86.ActiveCfg = Release|Any CPU
		{6208D88E-AC44-4E0F-A2ED-C770DD91A0E2}.Release|x86.Build.0 = Release|Any CPU
		{84EBA0D3-F23B-4A13-A66B-301050DA323F}.Debug|Any CPU.ActiveCfg = Debug|Any CPU
		{84EBA0D3-F23B-4A13-A66B-301050DA323F}.Debug|Any CPU.Build.0 = Debug|Any CPU
		{84EBA0D3-F23B-4A13-A66B-301050DA323F}.Debug|x64.ActiveCfg = Debug|Any CPU
		{84EBA0D3-F23B-4A13-A66B-301050DA323F}.Debug|x64.Build.0 = Debug|Any CPU
		{84EBA0D3-F23B-4A13-A66B-301050DA323F}.Debug|x86.ActiveCfg = Debug|Any CPU
		{84EBA0D3-F23B-4A13-A66B-301050DA323F}.Debug|x86.Build.0 = Debug|Any CPU
		{84EBA0D3-F23B-4A13-A66B-301050DA323F}.Release|Any CPU.ActiveCfg = Release|Any CPU
		{84EBA0D3-F23B-4A13-A66B-301050DA323F}.Release|Any CPU.Build.0 = Release|Any CPU
		{84EBA0D3-F23B-4A13-A66B-301050DA323F}.Release|x64.ActiveCfg = Release|Any CPU
		{84EBA0D3-F23B-4A13-A66B-301050DA323F}.Release|x64.Build.0 = Release|Any CPU
		{84EBA0D3-F23B-4A13-A66B-301050DA323F}.Release|x86.ActiveCfg = Release|Any CPU
		{84EBA0D3-F23B-4A13-A66B-301050DA323F}.Release|x86.Build.0 = Release|Any CPU
		{26B3597B-C23A-4C38-993D-A413A2EF92B2}.Debug|Any CPU.ActiveCfg = Debug|Any CPU
		{26B3597B-C23A-4C38-993D-A413A2EF92B2}.Debug|Any CPU.Build.0 = Debug|Any CPU
		{26B3597B-C23A-4C38-993D-A413A2EF92B2}.Debug|x64.ActiveCfg = Debug|Any CPU
		{26B3597B-C23A-4C38-993D-A413A2EF92B2}.Debug|x64.Build.0 = Debug|Any CPU
		{26B3597B-C23A-4C38-993D-A413A2EF92B2}.Debug|x86.ActiveCfg = Debug|Any CPU
		{26B3597B-C23A-4C38-993D-A413A2EF92B2}.Debug|x86.Build.0 = Debug|Any CPU
		{26B3597B-C23A-4C38-993D-A413A2EF92B2}.Release|Any CPU.ActiveCfg = Release|Any CPU
		{26B3597B-C23A-4C38-993D-A413A2EF92B2}.Release|Any CPU.Build.0 = Release|Any CPU
		{26B3597B-C23A-4C38-993D-A413A2EF92B2}.Release|x64.ActiveCfg = Release|Any CPU
		{26B3597B-C23A-4C38-993D-A413A2EF92B2}.Release|x64.Build.0 = Release|Any CPU
		{26B3597B-C23A-4C38-993D-A413A2EF92B2}.Release|x86.ActiveCfg = Release|Any CPU
		{26B3597B-C23A-4C38-993D-A413A2EF92B2}.Release|x86.Build.0 = Release|Any CPU
		{2DEA4B4E-3B7D-461F-A7CA-6C6C00B60CF5}.Debug|Any CPU.ActiveCfg = Debug|Any CPU
		{2DEA4B4E-3B7D-461F-A7CA-6C6C00B60CF5}.Debug|Any CPU.Build.0 = Debug|Any CPU
		{2DEA4B4E-3B7D-461F-A7CA-6C6C00B60CF5}.Debug|x64.ActiveCfg = Debug|Any CPU
		{2DEA4B4E-3B7D-461F-A7CA-6C6C00B60CF5}.Debug|x64.Build.0 = Debug|Any CPU
		{2DEA4B4E-3B7D-461F-A7CA-6C6C00B60CF5}.Debug|x86.ActiveCfg = Debug|Any CPU
		{2DEA4B4E-3B7D-461F-A7CA-6C6C00B60CF5}.Debug|x86.Build.0 = Debug|Any CPU
		{2DEA4B4E-3B7D-461F-A7CA-6C6C00B60CF5}.Release|Any CPU.ActiveCfg = Release|Any CPU
		{2DEA4B4E-3B7D-461F-A7CA-6C6C00B60CF5}.Release|Any CPU.Build.0 = Release|Any CPU
		{2DEA4B4E-3B7D-461F-A7CA-6C6C00B60CF5}.Release|x64.ActiveCfg = Release|Any CPU
		{2DEA4B4E-3B7D-461F-A7CA-6C6C00B60CF5}.Release|x64.Build.0 = Release|Any CPU
		{2DEA4B4E-3B7D-461F-A7CA-6C6C00B60CF5}.Release|x86.ActiveCfg = Release|Any CPU
		{2DEA4B4E-3B7D-461F-A7CA-6C6C00B60CF5}.Release|x86.Build.0 = Release|Any CPU
		{2CB61966-F8AA-4877-8F72-0E10EA1B8DD5}.Debug|Any CPU.ActiveCfg = Debug|Any CPU
		{2CB61966-F8AA-4877-8F72-0E10EA1B8DD5}.Debug|Any CPU.Build.0 = Debug|Any CPU
		{2CB61966-F8AA-4877-8F72-0E10EA1B8DD5}.Debug|x64.ActiveCfg = Debug|Any CPU
		{2CB61966-F8AA-4877-8F72-0E10EA1B8DD5}.Debug|x64.Build.0 = Debug|Any CPU
		{2CB61966-F8AA-4877-8F72-0E10EA1B8DD5}.Debug|x86.ActiveCfg = Debug|Any CPU
		{2CB61966-F8AA-4877-8F72-0E10EA1B8DD5}.Debug|x86.Build.0 = Debug|Any CPU
		{2CB61966-F8AA-4877-8F72-0E10EA1B8DD5}.Release|Any CPU.ActiveCfg = Release|Any CPU
		{2CB61966-F8AA-4877-8F72-0E10EA1B8DD5}.Release|Any CPU.Build.0 = Release|Any CPU
		{2CB61966-F8AA-4877-8F72-0E10EA1B8DD5}.Release|x64.ActiveCfg = Release|Any CPU
		{2CB61966-F8AA-4877-8F72-0E10EA1B8DD5}.Release|x64.Build.0 = Release|Any CPU
		{2CB61966-F8AA-4877-8F72-0E10EA1B8DD5}.Release|x86.ActiveCfg = Release|Any CPU
		{2CB61966-F8AA-4877-8F72-0E10EA1B8DD5}.Release|x86.Build.0 = Release|Any CPU
		{C139CE3C-6371-4835-B8E9-B5CFC4698F6A}.Debug|Any CPU.ActiveCfg = Debug|Any CPU
		{C139CE3C-6371-4835-B8E9-B5CFC4698F6A}.Debug|Any CPU.Build.0 = Debug|Any CPU
		{C139CE3C-6371-4835-B8E9-B5CFC4698F6A}.Debug|x64.ActiveCfg = Debug|Any CPU
		{C139CE3C-6371-4835-B8E9-B5CFC4698F6A}.Debug|x64.Build.0 = Debug|Any CPU
		{C139CE3C-6371-4835-B8E9-B5CFC4698F6A}.Debug|x86.ActiveCfg = Debug|Any CPU
		{C139CE3C-6371-4835-B8E9-B5CFC4698F6A}.Debug|x86.Build.0 = Debug|Any CPU
		{C139CE3C-6371-4835-B8E9-B5CFC4698F6A}.Release|Any CPU.ActiveCfg = Release|Any CPU
		{C139CE3C-6371-4835-B8E9-B5CFC4698F6A}.Release|Any CPU.Build.0 = Release|Any CPU
		{C139CE3C-6371-4835-B8E9-B5CFC4698F6A}.Release|x64.ActiveCfg = Release|Any CPU
		{C139CE3C-6371-4835-B8E9-B5CFC4698F6A}.Release|x64.Build.0 = Release|Any CPU
		{C139CE3C-6371-4835-B8E9-B5CFC4698F6A}.Release|x86.ActiveCfg = Release|Any CPU
		{C139CE3C-6371-4835-B8E9-B5CFC4698F6A}.Release|x86.Build.0 = Release|Any CPU
		{F80180E7-93AB-4649-91DF-0BB11276A1ED}.Debug|Any CPU.ActiveCfg = Debug|Any CPU
		{F80180E7-93AB-4649-91DF-0BB11276A1ED}.Debug|Any CPU.Build.0 = Debug|Any CPU
		{F80180E7-93AB-4649-91DF-0BB11276A1ED}.Debug|x64.ActiveCfg = Debug|Any CPU
		{F80180E7-93AB-4649-91DF-0BB11276A1ED}.Debug|x64.Build.0 = Debug|Any CPU
		{F80180E7-93AB-4649-91DF-0BB11276A1ED}.Debug|x86.ActiveCfg = Debug|Any CPU
		{F80180E7-93AB-4649-91DF-0BB11276A1ED}.Debug|x86.Build.0 = Debug|Any CPU
		{F80180E7-93AB-4649-91DF-0BB11276A1ED}.Release|Any CPU.ActiveCfg = Release|Any CPU
		{F80180E7-93AB-4649-91DF-0BB11276A1ED}.Release|Any CPU.Build.0 = Release|Any CPU
		{F80180E7-93AB-4649-91DF-0BB11276A1ED}.Release|x64.ActiveCfg = Release|Any CPU
		{F80180E7-93AB-4649-91DF-0BB11276A1ED}.Release|x64.Build.0 = Release|Any CPU
		{F80180E7-93AB-4649-91DF-0BB11276A1ED}.Release|x86.ActiveCfg = Release|Any CPU
		{F80180E7-93AB-4649-91DF-0BB11276A1ED}.Release|x86.Build.0 = Release|Any CPU
		{BA23C008-0F76-4AE3-809D-D2E443D69123}.Debug|Any CPU.ActiveCfg = Debug|Any CPU
		{BA23C008-0F76-4AE3-809D-D2E443D69123}.Debug|Any CPU.Build.0 = Debug|Any CPU
		{BA23C008-0F76-4AE3-809D-D2E443D69123}.Debug|x64.ActiveCfg = Debug|Any CPU
		{BA23C008-0F76-4AE3-809D-D2E443D69123}.Debug|x64.Build.0 = Debug|Any CPU
		{BA23C008-0F76-4AE3-809D-D2E443D69123}.Debug|x86.ActiveCfg = Debug|Any CPU
		{BA23C008-0F76-4AE3-809D-D2E443D69123}.Debug|x86.Build.0 = Debug|Any CPU
		{BA23C008-0F76-4AE3-809D-D2E443D69123}.Release|Any CPU.ActiveCfg = Release|Any CPU
		{BA23C008-0F76-4AE3-809D-D2E443D69123}.Release|Any CPU.Build.0 = Release|Any CPU
		{BA23C008-0F76-4AE3-809D-D2E443D69123}.Release|x64.ActiveCfg = Release|Any CPU
		{BA23C008-0F76-4AE3-809D-D2E443D69123}.Release|x64.Build.0 = Release|Any CPU
		{BA23C008-0F76-4AE3-809D-D2E443D69123}.Release|x86.ActiveCfg = Release|Any CPU
		{BA23C008-0F76-4AE3-809D-D2E443D69123}.Release|x86.Build.0 = Release|Any CPU
		{4A1AA747-905C-4159-8029-61BA0D245B11}.Debug|Any CPU.ActiveCfg = Debug|Any CPU
		{4A1AA747-905C-4159-8029-61BA0D245B11}.Debug|Any CPU.Build.0 = Debug|Any CPU
		{4A1AA747-905C-4159-8029-61BA0D245B11}.Debug|x64.ActiveCfg = Debug|Any CPU
		{4A1AA747-905C-4159-8029-61BA0D245B11}.Debug|x64.Build.0 = Debug|Any CPU
		{4A1AA747-905C-4159-8029-61BA0D245B11}.Debug|x86.ActiveCfg = Debug|Any CPU
		{4A1AA747-905C-4159-8029-61BA0D245B11}.Debug|x86.Build.0 = Debug|Any CPU
		{4A1AA747-905C-4159-8029-61BA0D245B11}.Release|Any CPU.ActiveCfg = Release|Any CPU
		{4A1AA747-905C-4159-8029-61BA0D245B11}.Release|Any CPU.Build.0 = Release|Any CPU
		{4A1AA747-905C-4159-8029-61BA0D245B11}.Release|x64.ActiveCfg = Release|Any CPU
		{4A1AA747-905C-4159-8029-61BA0D245B11}.Release|x64.Build.0 = Release|Any CPU
		{4A1AA747-905C-4159-8029-61BA0D245B11}.Release|x86.ActiveCfg = Release|Any CPU
		{4A1AA747-905C-4159-8029-61BA0D245B11}.Release|x86.Build.0 = Release|Any CPU
		{0BACBD68-38A2-44AA-9813-21BE0A2E061C}.Debug|Any CPU.ActiveCfg = Debug|Any CPU
		{0BACBD68-38A2-44AA-9813-21BE0A2E061C}.Debug|Any CPU.Build.0 = Debug|Any CPU
		{0BACBD68-38A2-44AA-9813-21BE0A2E061C}.Debug|x64.ActiveCfg = Debug|Any CPU
		{0BACBD68-38A2-44AA-9813-21BE0A2E061C}.Debug|x64.Build.0 = Debug|Any CPU
		{0BACBD68-38A2-44AA-9813-21BE0A2E061C}.Debug|x86.ActiveCfg = Debug|Any CPU
		{0BACBD68-38A2-44AA-9813-21BE0A2E061C}.Debug|x86.Build.0 = Debug|Any CPU
		{0BACBD68-38A2-44AA-9813-21BE0A2E061C}.Release|Any CPU.ActiveCfg = Release|Any CPU
		{0BACBD68-38A2-44AA-9813-21BE0A2E061C}.Release|Any CPU.Build.0 = Release|Any CPU
		{0BACBD68-38A2-44AA-9813-21BE0A2E061C}.Release|x64.ActiveCfg = Release|Any CPU
		{0BACBD68-38A2-44AA-9813-21BE0A2E061C}.Release|x64.Build.0 = Release|Any CPU
		{0BACBD68-38A2-44AA-9813-21BE0A2E061C}.Release|x86.ActiveCfg = Release|Any CPU
		{0BACBD68-38A2-44AA-9813-21BE0A2E061C}.Release|x86.Build.0 = Release|Any CPU
		{C6332EAA-EAC0-4C5F-A0C7-43F95698EABB}.Debug|Any CPU.ActiveCfg = Debug|Any CPU
		{C6332EAA-EAC0-4C5F-A0C7-43F95698EABB}.Debug|Any CPU.Build.0 = Debug|Any CPU
		{C6332EAA-EAC0-4C5F-A0C7-43F95698EABB}.Debug|x64.ActiveCfg = Debug|Any CPU
		{C6332EAA-EAC0-4C5F-A0C7-43F95698EABB}.Debug|x64.Build.0 = Debug|Any CPU
		{C6332EAA-EAC0-4C5F-A0C7-43F95698EABB}.Debug|x86.ActiveCfg = Debug|Any CPU
		{C6332EAA-EAC0-4C5F-A0C7-43F95698EABB}.Debug|x86.Build.0 = Debug|Any CPU
		{C6332EAA-EAC0-4C5F-A0C7-43F95698EABB}.Release|Any CPU.ActiveCfg = Release|Any CPU
		{C6332EAA-EAC0-4C5F-A0C7-43F95698EABB}.Release|Any CPU.Build.0 = Release|Any CPU
		{C6332EAA-EAC0-4C5F-A0C7-43F95698EABB}.Release|x64.ActiveCfg = Release|Any CPU
		{C6332EAA-EAC0-4C5F-A0C7-43F95698EABB}.Release|x64.Build.0 = Release|Any CPU
		{C6332EAA-EAC0-4C5F-A0C7-43F95698EABB}.Release|x86.ActiveCfg = Release|Any CPU
		{C6332EAA-EAC0-4C5F-A0C7-43F95698EABB}.Release|x86.Build.0 = Release|Any CPU
		{D3CD0B94-B936-4014-AB58-AB5E50909665}.Debug|Any CPU.ActiveCfg = Debug|Any CPU
		{D3CD0B94-B936-4014-AB58-AB5E50909665}.Debug|Any CPU.Build.0 = Debug|Any CPU
		{D3CD0B94-B936-4014-AB58-AB5E50909665}.Debug|x64.ActiveCfg = Debug|Any CPU
		{D3CD0B94-B936-4014-AB58-AB5E50909665}.Debug|x64.Build.0 = Debug|Any CPU
		{D3CD0B94-B936-4014-AB58-AB5E50909665}.Debug|x86.ActiveCfg = Debug|Any CPU
		{D3CD0B94-B936-4014-AB58-AB5E50909665}.Debug|x86.Build.0 = Debug|Any CPU
		{D3CD0B94-B936-4014-AB58-AB5E50909665}.Release|Any CPU.ActiveCfg = Release|Any CPU
		{D3CD0B94-B936-4014-AB58-AB5E50909665}.Release|Any CPU.Build.0 = Release|Any CPU
		{D3CD0B94-B936-4014-AB58-AB5E50909665}.Release|x64.ActiveCfg = Release|Any CPU
		{D3CD0B94-B936-4014-AB58-AB5E50909665}.Release|x64.Build.0 = Release|Any CPU
		{D3CD0B94-B936-4014-AB58-AB5E50909665}.Release|x86.ActiveCfg = Release|Any CPU
		{D3CD0B94-B936-4014-AB58-AB5E50909665}.Release|x86.Build.0 = Release|Any CPU
		{99E411EE-C129-4FAF-9C98-D31EB98B1FA8}.Debug|Any CPU.ActiveCfg = Debug|Any CPU
		{99E411EE-C129-4FAF-9C98-D31EB98B1FA8}.Debug|Any CPU.Build.0 = Debug|Any CPU
		{99E411EE-C129-4FAF-9C98-D31EB98B1FA8}.Debug|x64.ActiveCfg = Debug|Any CPU
		{99E411EE-C129-4FAF-9C98-D31EB98B1FA8}.Debug|x64.Build.0 = Debug|Any CPU
		{99E411EE-C129-4FAF-9C98-D31EB98B1FA8}.Debug|x86.ActiveCfg = Debug|Any CPU
		{99E411EE-C129-4FAF-9C98-D31EB98B1FA8}.Debug|x86.Build.0 = Debug|Any CPU
		{99E411EE-C129-4FAF-9C98-D31EB98B1FA8}.Release|Any CPU.ActiveCfg = Release|Any CPU
		{99E411EE-C129-4FAF-9C98-D31EB98B1FA8}.Release|Any CPU.Build.0 = Release|Any CPU
		{99E411EE-C129-4FAF-9C98-D31EB98B1FA8}.Release|x64.ActiveCfg = Release|Any CPU
		{99E411EE-C129-4FAF-9C98-D31EB98B1FA8}.Release|x64.Build.0 = Release|Any CPU
		{99E411EE-C129-4FAF-9C98-D31EB98B1FA8}.Release|x86.ActiveCfg = Release|Any CPU
		{99E411EE-C129-4FAF-9C98-D31EB98B1FA8}.Release|x86.Build.0 = Release|Any CPU
		{E044845D-2060-4D5E-B446-FA038AA2B627}.Debug|Any CPU.ActiveCfg = Debug|Any CPU
		{E044845D-2060-4D5E-B446-FA038AA2B627}.Debug|Any CPU.Build.0 = Debug|Any CPU
		{E044845D-2060-4D5E-B446-FA038AA2B627}.Debug|x64.ActiveCfg = Debug|Any CPU
		{E044845D-2060-4D5E-B446-FA038AA2B627}.Debug|x64.Build.0 = Debug|Any CPU
		{E044845D-2060-4D5E-B446-FA038AA2B627}.Debug|x86.ActiveCfg = Debug|Any CPU
		{E044845D-2060-4D5E-B446-FA038AA2B627}.Debug|x86.Build.0 = Debug|Any CPU
		{E044845D-2060-4D5E-B446-FA038AA2B627}.Release|Any CPU.ActiveCfg = Release|Any CPU
		{E044845D-2060-4D5E-B446-FA038AA2B627}.Release|Any CPU.Build.0 = Release|Any CPU
		{E044845D-2060-4D5E-B446-FA038AA2B627}.Release|x64.ActiveCfg = Release|Any CPU
		{E044845D-2060-4D5E-B446-FA038AA2B627}.Release|x64.Build.0 = Release|Any CPU
		{E044845D-2060-4D5E-B446-FA038AA2B627}.Release|x86.ActiveCfg = Release|Any CPU
		{E044845D-2060-4D5E-B446-FA038AA2B627}.Release|x86.Build.0 = Release|Any CPU
		{535B2BB8-9950-47FC-B7F3-07CECDE0F0C1}.Debug|Any CPU.ActiveCfg = Debug|Any CPU
		{535B2BB8-9950-47FC-B7F3-07CECDE0F0C1}.Debug|Any CPU.Build.0 = Debug|Any CPU
		{535B2BB8-9950-47FC-B7F3-07CECDE0F0C1}.Debug|x64.ActiveCfg = Debug|Any CPU
		{535B2BB8-9950-47FC-B7F3-07CECDE0F0C1}.Debug|x64.Build.0 = Debug|Any CPU
		{535B2BB8-9950-47FC-B7F3-07CECDE0F0C1}.Debug|x86.ActiveCfg = Debug|Any CPU
		{535B2BB8-9950-47FC-B7F3-07CECDE0F0C1}.Debug|x86.Build.0 = Debug|Any CPU
		{535B2BB8-9950-47FC-B7F3-07CECDE0F0C1}.Release|Any CPU.ActiveCfg = Release|Any CPU
		{535B2BB8-9950-47FC-B7F3-07CECDE0F0C1}.Release|Any CPU.Build.0 = Release|Any CPU
		{535B2BB8-9950-47FC-B7F3-07CECDE0F0C1}.Release|x64.ActiveCfg = Release|Any CPU
		{535B2BB8-9950-47FC-B7F3-07CECDE0F0C1}.Release|x64.Build.0 = Release|Any CPU
		{535B2BB8-9950-47FC-B7F3-07CECDE0F0C1}.Release|x86.ActiveCfg = Release|Any CPU
		{535B2BB8-9950-47FC-B7F3-07CECDE0F0C1}.Release|x86.Build.0 = Release|Any CPU
		{64235F7C-9F6B-40B3-ABC6-62CFDCA2DDE0}.Debug|Any CPU.ActiveCfg = Debug|Any CPU
		{64235F7C-9F6B-40B3-ABC6-62CFDCA2DDE0}.Debug|Any CPU.Build.0 = Debug|Any CPU
		{64235F7C-9F6B-40B3-ABC6-62CFDCA2DDE0}.Debug|x64.ActiveCfg = Debug|Any CPU
		{64235F7C-9F6B-40B3-ABC6-62CFDCA2DDE0}.Debug|x64.Build.0 = Debug|Any CPU
		{64235F7C-9F6B-40B3-ABC6-62CFDCA2DDE0}.Debug|x86.ActiveCfg = Debug|Any CPU
		{64235F7C-9F6B-40B3-ABC6-62CFDCA2DDE0}.Debug|x86.Build.0 = Debug|Any CPU
		{64235F7C-9F6B-40B3-ABC6-62CFDCA2DDE0}.Release|Any CPU.ActiveCfg = Release|Any CPU
		{64235F7C-9F6B-40B3-ABC6-62CFDCA2DDE0}.Release|Any CPU.Build.0 = Release|Any CPU
		{64235F7C-9F6B-40B3-ABC6-62CFDCA2DDE0}.Release|x64.ActiveCfg = Release|Any CPU
		{64235F7C-9F6B-40B3-ABC6-62CFDCA2DDE0}.Release|x64.Build.0 = Release|Any CPU
		{64235F7C-9F6B-40B3-ABC6-62CFDCA2DDE0}.Release|x86.ActiveCfg = Release|Any CPU
		{64235F7C-9F6B-40B3-ABC6-62CFDCA2DDE0}.Release|x86.Build.0 = Release|Any CPU
		{7F54879B-2D72-47D9-A193-D701A7BC959F}.Debug|Any CPU.ActiveCfg = Debug|Any CPU
		{7F54879B-2D72-47D9-A193-D701A7BC959F}.Debug|Any CPU.Build.0 = Debug|Any CPU
		{7F54879B-2D72-47D9-A193-D701A7BC959F}.Debug|x64.ActiveCfg = Debug|Any CPU
		{7F54879B-2D72-47D9-A193-D701A7BC959F}.Debug|x64.Build.0 = Debug|Any CPU
		{7F54879B-2D72-47D9-A193-D701A7BC959F}.Debug|x86.ActiveCfg = Debug|Any CPU
		{7F54879B-2D72-47D9-A193-D701A7BC959F}.Debug|x86.Build.0 = Debug|Any CPU
		{7F54879B-2D72-47D9-A193-D701A7BC959F}.Release|Any CPU.ActiveCfg = Release|Any CPU
		{7F54879B-2D72-47D9-A193-D701A7BC959F}.Release|Any CPU.Build.0 = Release|Any CPU
		{7F54879B-2D72-47D9-A193-D701A7BC959F}.Release|x64.ActiveCfg = Release|Any CPU
		{7F54879B-2D72-47D9-A193-D701A7BC959F}.Release|x64.Build.0 = Release|Any CPU
		{7F54879B-2D72-47D9-A193-D701A7BC959F}.Release|x86.ActiveCfg = Release|Any CPU
		{7F54879B-2D72-47D9-A193-D701A7BC959F}.Release|x86.Build.0 = Release|Any CPU
		{01D80DA7-5E19-47A4-8DDD-386211AB4F52}.Debug|Any CPU.ActiveCfg = Debug|Any CPU
		{01D80DA7-5E19-47A4-8DDD-386211AB4F52}.Debug|Any CPU.Build.0 = Debug|Any CPU
		{01D80DA7-5E19-47A4-8DDD-386211AB4F52}.Debug|x64.ActiveCfg = Debug|Any CPU
		{01D80DA7-5E19-47A4-8DDD-386211AB4F52}.Debug|x64.Build.0 = Debug|Any CPU
		{01D80DA7-5E19-47A4-8DDD-386211AB4F52}.Debug|x86.ActiveCfg = Debug|Any CPU
		{01D80DA7-5E19-47A4-8DDD-386211AB4F52}.Debug|x86.Build.0 = Debug|Any CPU
		{01D80DA7-5E19-47A4-8DDD-386211AB4F52}.Release|Any CPU.ActiveCfg = Release|Any CPU
		{01D80DA7-5E19-47A4-8DDD-386211AB4F52}.Release|Any CPU.Build.0 = Release|Any CPU
		{01D80DA7-5E19-47A4-8DDD-386211AB4F52}.Release|x64.ActiveCfg = Release|Any CPU
		{01D80DA7-5E19-47A4-8DDD-386211AB4F52}.Release|x64.Build.0 = Release|Any CPU
		{01D80DA7-5E19-47A4-8DDD-386211AB4F52}.Release|x86.ActiveCfg = Release|Any CPU
		{01D80DA7-5E19-47A4-8DDD-386211AB4F52}.Release|x86.Build.0 = Release|Any CPU
		{7A3D85C0-6F42-49E8-849D-FA33CEE70245}.Debug|Any CPU.ActiveCfg = Debug|Any CPU
		{7A3D85C0-6F42-49E8-849D-FA33CEE70245}.Debug|Any CPU.Build.0 = Debug|Any CPU
		{7A3D85C0-6F42-49E8-849D-FA33CEE70245}.Debug|x64.ActiveCfg = Debug|Any CPU
		{7A3D85C0-6F42-49E8-849D-FA33CEE70245}.Debug|x64.Build.0 = Debug|Any CPU
		{7A3D85C0-6F42-49E8-849D-FA33CEE70245}.Debug|x86.ActiveCfg = Debug|Any CPU
		{7A3D85C0-6F42-49E8-849D-FA33CEE70245}.Debug|x86.Build.0 = Debug|Any CPU
		{7A3D85C0-6F42-49E8-849D-FA33CEE70245}.Release|Any CPU.ActiveCfg = Release|Any CPU
		{7A3D85C0-6F42-49E8-849D-FA33CEE70245}.Release|Any CPU.Build.0 = Release|Any CPU
		{7A3D85C0-6F42-49E8-849D-FA33CEE70245}.Release|x64.ActiveCfg = Release|Any CPU
		{7A3D85C0-6F42-49E8-849D-FA33CEE70245}.Release|x64.Build.0 = Release|Any CPU
		{7A3D85C0-6F42-49E8-849D-FA33CEE70245}.Release|x86.ActiveCfg = Release|Any CPU
		{7A3D85C0-6F42-49E8-849D-FA33CEE70245}.Release|x86.Build.0 = Release|Any CPU
		{2FDC5249-8860-478F-A4C5-4DDE182B6675}.Debug|Any CPU.ActiveCfg = Debug|Any CPU
		{2FDC5249-8860-478F-A4C5-4DDE182B6675}.Debug|Any CPU.Build.0 = Debug|Any CPU
		{2FDC5249-8860-478F-A4C5-4DDE182B6675}.Debug|x64.ActiveCfg = Debug|Any CPU
		{2FDC5249-8860-478F-A4C5-4DDE182B6675}.Debug|x64.Build.0 = Debug|Any CPU
		{2FDC5249-8860-478F-A4C5-4DDE182B6675}.Debug|x86.ActiveCfg = Debug|Any CPU
		{2FDC5249-8860-478F-A4C5-4DDE182B6675}.Debug|x86.Build.0 = Debug|Any CPU
		{2FDC5249-8860-478F-A4C5-4DDE182B6675}.Release|Any CPU.ActiveCfg = Release|Any CPU
		{2FDC5249-8860-478F-A4C5-4DDE182B6675}.Release|Any CPU.Build.0 = Release|Any CPU
		{2FDC5249-8860-478F-A4C5-4DDE182B6675}.Release|x64.ActiveCfg = Release|Any CPU
		{2FDC5249-8860-478F-A4C5-4DDE182B6675}.Release|x64.Build.0 = Release|Any CPU
		{2FDC5249-8860-478F-A4C5-4DDE182B6675}.Release|x86.ActiveCfg = Release|Any CPU
		{2FDC5249-8860-478F-A4C5-4DDE182B6675}.Release|x86.Build.0 = Release|Any CPU
		{27891D75-0606-49EF-B69F-CD8578643138}.Debug|Any CPU.ActiveCfg = Debug|Any CPU
		{27891D75-0606-49EF-B69F-CD8578643138}.Debug|Any CPU.Build.0 = Debug|Any CPU
		{27891D75-0606-49EF-B69F-CD8578643138}.Debug|x64.ActiveCfg = Debug|Any CPU
		{27891D75-0606-49EF-B69F-CD8578643138}.Debug|x64.Build.0 = Debug|Any CPU
		{27891D75-0606-49EF-B69F-CD8578643138}.Debug|x86.ActiveCfg = Debug|Any CPU
		{27891D75-0606-49EF-B69F-CD8578643138}.Debug|x86.Build.0 = Debug|Any CPU
		{27891D75-0606-49EF-B69F-CD8578643138}.Release|Any CPU.ActiveCfg = Release|Any CPU
		{27891D75-0606-49EF-B69F-CD8578643138}.Release|Any CPU.Build.0 = Release|Any CPU
		{27891D75-0606-49EF-B69F-CD8578643138}.Release|x64.ActiveCfg = Release|Any CPU
		{27891D75-0606-49EF-B69F-CD8578643138}.Release|x64.Build.0 = Release|Any CPU
		{27891D75-0606-49EF-B69F-CD8578643138}.Release|x86.ActiveCfg = Release|Any CPU
		{27891D75-0606-49EF-B69F-CD8578643138}.Release|x86.Build.0 = Release|Any CPU
		{BE9157D1-0526-4596-BD32-D9D519565B62}.Debug|Any CPU.ActiveCfg = Debug|Any CPU
		{BE9157D1-0526-4596-BD32-D9D519565B62}.Debug|Any CPU.Build.0 = Debug|Any CPU
		{BE9157D1-0526-4596-BD32-D9D519565B62}.Debug|x64.ActiveCfg = Debug|Any CPU
		{BE9157D1-0526-4596-BD32-D9D519565B62}.Debug|x64.Build.0 = Debug|Any CPU
		{BE9157D1-0526-4596-BD32-D9D519565B62}.Debug|x86.ActiveCfg = Debug|Any CPU
		{BE9157D1-0526-4596-BD32-D9D519565B62}.Debug|x86.Build.0 = Debug|Any CPU
		{BE9157D1-0526-4596-BD32-D9D519565B62}.Release|Any CPU.ActiveCfg = Release|Any CPU
		{BE9157D1-0526-4596-BD32-D9D519565B62}.Release|Any CPU.Build.0 = Release|Any CPU
		{BE9157D1-0526-4596-BD32-D9D519565B62}.Release|x64.ActiveCfg = Release|Any CPU
		{BE9157D1-0526-4596-BD32-D9D519565B62}.Release|x64.Build.0 = Release|Any CPU
		{BE9157D1-0526-4596-BD32-D9D519565B62}.Release|x86.ActiveCfg = Release|Any CPU
		{BE9157D1-0526-4596-BD32-D9D519565B62}.Release|x86.Build.0 = Release|Any CPU
		{A19248B5-6473-4F8B-88BA-2DA565E0B2E6}.Debug|Any CPU.ActiveCfg = Debug|Any CPU
		{A19248B5-6473-4F8B-88BA-2DA565E0B2E6}.Debug|Any CPU.Build.0 = Debug|Any CPU
		{A19248B5-6473-4F8B-88BA-2DA565E0B2E6}.Debug|x64.ActiveCfg = Debug|Any CPU
		{A19248B5-6473-4F8B-88BA-2DA565E0B2E6}.Debug|x64.Build.0 = Debug|Any CPU
		{A19248B5-6473-4F8B-88BA-2DA565E0B2E6}.Debug|x86.ActiveCfg = Debug|Any CPU
		{A19248B5-6473-4F8B-88BA-2DA565E0B2E6}.Debug|x86.Build.0 = Debug|Any CPU
		{A19248B5-6473-4F8B-88BA-2DA565E0B2E6}.Release|Any CPU.ActiveCfg = Release|Any CPU
		{A19248B5-6473-4F8B-88BA-2DA565E0B2E6}.Release|Any CPU.Build.0 = Release|Any CPU
		{A19248B5-6473-4F8B-88BA-2DA565E0B2E6}.Release|x64.ActiveCfg = Release|Any CPU
		{A19248B5-6473-4F8B-88BA-2DA565E0B2E6}.Release|x64.Build.0 = Release|Any CPU
		{A19248B5-6473-4F8B-88BA-2DA565E0B2E6}.Release|x86.ActiveCfg = Release|Any CPU
		{A19248B5-6473-4F8B-88BA-2DA565E0B2E6}.Release|x86.Build.0 = Release|Any CPU
		{13A593D6-9448-4673-B7AE-6A9820FD1347}.Debug|Any CPU.ActiveCfg = Debug|Any CPU
		{13A593D6-9448-4673-B7AE-6A9820FD1347}.Debug|Any CPU.Build.0 = Debug|Any CPU
		{13A593D6-9448-4673-B7AE-6A9820FD1347}.Debug|x64.ActiveCfg = Debug|Any CPU
		{13A593D6-9448-4673-B7AE-6A9820FD1347}.Debug|x64.Build.0 = Debug|Any CPU
		{13A593D6-9448-4673-B7AE-6A9820FD1347}.Debug|x86.ActiveCfg = Debug|Any CPU
		{13A593D6-9448-4673-B7AE-6A9820FD1347}.Debug|x86.Build.0 = Debug|Any CPU
		{13A593D6-9448-4673-B7AE-6A9820FD1347}.Release|Any CPU.ActiveCfg = Release|Any CPU
		{13A593D6-9448-4673-B7AE-6A9820FD1347}.Release|Any CPU.Build.0 = Release|Any CPU
		{13A593D6-9448-4673-B7AE-6A9820FD1347}.Release|x64.ActiveCfg = Release|Any CPU
		{13A593D6-9448-4673-B7AE-6A9820FD1347}.Release|x64.Build.0 = Release|Any CPU
		{13A593D6-9448-4673-B7AE-6A9820FD1347}.Release|x86.ActiveCfg = Release|Any CPU
		{13A593D6-9448-4673-B7AE-6A9820FD1347}.Release|x86.Build.0 = Release|Any CPU
	EndGlobalSection
	GlobalSection(SolutionProperties) = preSolution
		HideSolutionNode = FALSE
	EndGlobalSection
	GlobalSection(NestedProjects) = preSolution
		{F39552F8-0446-4508-8CA7-A5F9B8421047} = {7266C4A9-E384-DC00-0EB6-47F6002CFBA7}
		{49643F25-0928-4388-A052-AE64D72D8DEF} = {7266C4A9-E384-DC00-0EB6-47F6002CFBA7}
		{5D779D83-9DB2-444E-9D95-0E94F01D2B8C} = {7266C4A9-E384-DC00-0EB6-47F6002CFBA7}
		{F646752E-82EF-44A0-AE07-D5EE42BF733F} = {7266C4A9-E384-DC00-0EB6-47F6002CFBA7}
		{DF22FFB0-9AFE-0FD9-135A-A174632D0622} = {5854FF58-B8C5-05C6-5BF2-ACE42193F22B}
		{1A472EBE-12FD-4F97-B8F0-F8D4275D5ADD} = {DF22FFB0-9AFE-0FD9-135A-A174632D0622}
		{E54AE688-E3BB-4479-A1D4-B8BD0D74A5D6} = {DF22FFB0-9AFE-0FD9-135A-A174632D0622}
		{18BEB234-DF7D-443E-9FA7-F6354E864347} = {DF22FFB0-9AFE-0FD9-135A-A174632D0622}
		{DFD6C272-1F48-4341-9F01-9EAA13980DEE} = {DF22FFB0-9AFE-0FD9-135A-A174632D0622}
		{82359823-FA41-4A73-A285-22FB1A1892C2} = {DF22FFB0-9AFE-0FD9-135A-A174632D0622}
		{EB259C6D-9F4A-B4AA-79F4-557D842D16B5} = {5854FF58-B8C5-05C6-5BF2-ACE42193F22B}
		{F17D688C-ED4A-4B13-A937-F1322394826C} = {EB259C6D-9F4A-B4AA-79F4-557D842D16B5}
		{F068D859-26AC-4295-BD4B-576A69A4F9A2} = {EB259C6D-9F4A-B4AA-79F4-557D842D16B5}
		{8648FEFE-6B2B-41D7-B1CF-5679D6A51907} = {EB259C6D-9F4A-B4AA-79F4-557D842D16B5}
		{6208D88E-AC44-4E0F-A2ED-C770DD91A0E2} = {EB259C6D-9F4A-B4AA-79F4-557D842D16B5}
		{84EBA0D3-F23B-4A13-A66B-301050DA323F} = {EB259C6D-9F4A-B4AA-79F4-557D842D16B5}
		{B69894D6-7DED-05EA-F04B-C08EDF8265D6} = {5854FF58-B8C5-05C6-5BF2-ACE42193F22B}
		{26B3597B-C23A-4C38-993D-A413A2EF92B2} = {B69894D6-7DED-05EA-F04B-C08EDF8265D6}
		{2DEA4B4E-3B7D-461F-A7CA-6C6C00B60CF5} = {B69894D6-7DED-05EA-F04B-C08EDF8265D6}
		{2CB61966-F8AA-4877-8F72-0E10EA1B8DD5} = {B69894D6-7DED-05EA-F04B-C08EDF8265D6}
		{C139CE3C-6371-4835-B8E9-B5CFC4698F6A} = {B69894D6-7DED-05EA-F04B-C08EDF8265D6}
		{F80180E7-93AB-4649-91DF-0BB11276A1ED} = {B69894D6-7DED-05EA-F04B-C08EDF8265D6}
		{15532247-9928-1F3B-8159-296EC2E43F05} = {5854FF58-B8C5-05C6-5BF2-ACE42193F22B}
		{BA23C008-0F76-4AE3-809D-D2E443D69123} = {15532247-9928-1F3B-8159-296EC2E43F05}
		{4A1AA747-905C-4159-8029-61BA0D245B11} = {15532247-9928-1F3B-8159-296EC2E43F05}
		{0BACBD68-38A2-44AA-9813-21BE0A2E061C} = {15532247-9928-1F3B-8159-296EC2E43F05}
		{C6332EAA-EAC0-4C5F-A0C7-43F95698EABB} = {15532247-9928-1F3B-8159-296EC2E43F05}
		{D3CD0B94-B936-4014-AB58-AB5E50909665} = {15532247-9928-1F3B-8159-296EC2E43F05}
		{D8AFF377-A933-C61A-6A84-6680BF48FD58} = {5854FF58-B8C5-05C6-5BF2-ACE42193F22B}
		{99E411EE-C129-4FAF-9C98-D31EB98B1FA8} = {D8AFF377-A933-C61A-6A84-6680BF48FD58}
		{E044845D-2060-4D5E-B446-FA038AA2B627} = {D8AFF377-A933-C61A-6A84-6680BF48FD58}
		{535B2BB8-9950-47FC-B7F3-07CECDE0F0C1} = {D8AFF377-A933-C61A-6A84-6680BF48FD58}
		{64235F7C-9F6B-40B3-ABC6-62CFDCA2DDE0} = {D8AFF377-A933-C61A-6A84-6680BF48FD58}
		{7F54879B-2D72-47D9-A193-D701A7BC959F} = {D8AFF377-A933-C61A-6A84-6680BF48FD58}
		{EDF976B3-B1D5-9C5C-314D-F965FB2448D0} = {5854FF58-B8C5-05C6-5BF2-ACE42193F22B}
		{01D80DA7-5E19-47A4-8DDD-386211AB4F52} = {EDF976B3-B1D5-9C5C-314D-F965FB2448D0}
		{7A3D85C0-6F42-49E8-849D-FA33CEE70245} = {EDF976B3-B1D5-9C5C-314D-F965FB2448D0}
		{2FDC5249-8860-478F-A4C5-4DDE182B6675} = {EDF976B3-B1D5-9C5C-314D-F965FB2448D0}
		{27891D75-0606-49EF-B69F-CD8578643138} = {EDF976B3-B1D5-9C5C-314D-F965FB2448D0}
		{BE9157D1-0526-4596-BD32-D9D519565B62} = {EDF976B3-B1D5-9C5C-314D-F965FB2448D0}
		{A19248B5-6473-4F8B-88BA-2DA565E0B2E6} = {90DCE71B-4939-B80A-CE8C-85DE2210C7AC}
		{13A593D6-9448-4673-B7AE-6A9820FD1347} = {0AB3BF05-4346-4AA6-1389-037BE0695223}
	EndGlobalSection
EndGlobal
