{
  "version": 2,
  "dependencies": {
    "net10.0": {
      "Microsoft.CodeAnalysis.NetAnalyzers": {
        "type": "Direct",
        "requested": "[10.0.101, )",
        "resolved": "10.0.101",
        "contentHash": "nbq9XaN1hXbeaAAaI2Cv9su+TSs8n8iu9VmltGXDmQSTKDXh02AKykGYdHiVeaQaVvwxGJRwjsaTPSPYiD/RNQ=="
      },
      "Eventuous.Application": {
        "type": "Transitive",
        "resolved": "0.15.1",
        "contentHash": "4d20644k11EYcKH08lmq93JgnPjSjSE5SChwd1+CHSWm7Eb7ZuQxGDU4GDLVt9JQyudLfDnowsPe0MspnTJDCA==",
        "dependencies": {
          "Eventuous.Domain": "0.15.1",
          "Eventuous.Persistence": "0.15.1"
        }
      },
      "Eventuous.Diagnostics": {
        "type": "Transitive",
        "resolved": "0.15.1",
        "contentHash": "qw+BMJBLdAYzuO/zSC/0gjVVqbU38hWAwbLZvchmmhrtRqDS80YO2dpSJp4JrN2gF+e+FgygoyrZCgOKq4zM1w==",
        "dependencies": {
          "Eventuous.Shared": "0.15.1"
        }
      },
      "Eventuous.Domain": {
        "type": "Transitive",
        "resolved": "0.15.1",
        "contentHash": "b6M5hA0Nv8wAcWbG2qDfroslUEBH/k+NNBLVdqCx8/U6mZs7JTtk9vtouh3dR2kuYbZldmdhNVKehwbUNXFPcA=="
      },
      "Eventuous.Persistence": {
        "type": "Transitive",
        "resolved": "0.15.1",
        "contentHash": "1SelYyAxJPw6NyEi3TMuytDnu/6gl1ACtvK5p3IkuSUkdXUk4UfwXkE5/5QdjF7nsMBRNVltVo3WStp80Z6NhQ==",
        "dependencies": {
          "Eventuous.Diagnostics": "0.15.1",
          "Eventuous.Domain": "0.15.1",
          "Eventuous.Serialization": "0.15.1",
          "Eventuous.Shared": "0.15.1"
        }
      },
      "Eventuous.Serialization": {
        "type": "Transitive",
        "resolved": "0.15.1",
        "contentHash": "jg9Crk0RyCUqTCCBEonEqIrIk0iSXnOqmF6V6yplHbPQNnWABH2oTykUYbYJPm+HEp6qwVT0K+0r5W5CDlt6aw==",
        "dependencies": {
          "Eventuous.Shared": "0.15.1"
        }
      },
      "Eventuous.Shared": {
        "type": "Transitive",
        "resolved": "0.15.1",
        "contentHash": "esM2WnErg5mchkC+v7DII53VQNKyHQ1LDCBehx38eA45b4d15B+qPJnVkh0NCTUybpI9Nu9G9LSNVafo+DP0wQ=="
      },
      "orangecarrental.buildingblocks.domain": {
        "type": "Project",
        "dependencies": {
          "Eventuous": "[0.15.1, )"
        }
      },
      "orangecarrental.pricing.domain": {
        "type": "Project",
        "dependencies": {
          "OrangeCarRental.BuildingBlocks.Domain": "[1.0.0, )"
        }
      },
      "Eventuous": {
        "type": "CentralTransitive",
        "requested": "[0.15.1, )",
        "resolved": "0.15.1",
        "contentHash": "V6QkOXmyD0necj2srRticwR0B5Sp8HrE2OgHz1Uik914gi+bSkbhLHEVLRb5qtSTZgfH3BPH/0wjz6ArRtEjww==",
        "dependencies": {
          "Eventuous.Application": "0.15.1"
        }
      }
    }
  }
}