{
  "version": 2,
  "dependencies": {
    "net10.0": {
      "Microsoft.CodeAnalysis.NetAnalyzers": {
        "type": "Direct",
        "requested": "[10.0.100, )",
        "resolved": "10.0.100",
        "contentHash": "uj9VuyvqylnNueJfU7u2PkI/hEMpZl8Wg9BXyI0eatNEldU5jDYPdwsM8aDL18+1oLovju25MiqOPaGRBnG72A=="
      },
      "orangecarrental.buildingblocks.domain": {
        "type": "Project"
      },
      "orangecarrental.customers.domain": {
        "type": "Project",
        "dependencies": {
          "OrangeCarRental.BuildingBlocks.Domain": "[1.0.0, )"
        }
      }
    }
  }
}